<?xml version="1.0" encoding="utf-8"?>
<Project ToolsVersion="4.0" xmlns="http://schemas.microsoft.com/developer/msbuild/2003">
  <ItemGroup>
    <Filter Include="Source Files">
      <UniqueIdentifier>{4FC737F1-C7A5-4376-A066-2A32D752A2FF}</UniqueIdentifier>
      <Extensions>cpp;c;cc;cxx;c++;cppm;ixx;def;odl;idl;hpj;bat;asm;asmx</Extensions>
    </Filter>
    <Filter Include="Header Files">
      <UniqueIdentifier>{93995380-89BD-4b04-88EB-625FBE52EBFB}</UniqueIdentifier>
      <Extensions>h;hh;hpp;hxx;h++;hm;inl;inc;ipp;xsd</Extensions>
    </Filter>
    <Filter Include="Resource Files">
      <UniqueIdentifier>{67DA6AB6-F800-4c08-8B7A-83BB121AAD01}</UniqueIdentifier>
      <Extensions>rc;ico;cur;bmp;dlg;rc2;rct;bin;rgs;gif;jpg;jpeg;jpe;resx;tiff;tif;png;wav;mfcribbon-ms</Extensions>
    </Filter>
    <Filter Include="Source Files\Activators">
      <UniqueIdentifier>{59f13b4a-2b13-4c3f-be9b-923c07a36460}</UniqueIdentifier>
    </Filter>
    <Filter Include="Source Files\Hebb%27s rule">
      <UniqueIdentifier>{0649c5f8-f89a-43c8-baf0-3a17affe772b}</UniqueIdentifier>
    </Filter>
    <Filter Include="Source Files\perceptron">
      <UniqueIdentifier>{fd93c3bc-b244-41f2-89e4-dca2c8fe804a}</UniqueIdentifier>
    </Filter>
    <Filter Include="Source Files\Associative Network">
      <UniqueIdentifier>{520f8cdd-22d1-4080-b6a3-341d22e6b1b2}</UniqueIdentifier>
    </Filter>
  </ItemGroup>
  <ItemGroup>
    <ClCompile Include="Adapters\Adapter.cpp">
      <Filter>Source Files</Filter>
    </ClCompile>
    <ClCompile Include="Adapters\Matf_.cpp">
      <Filter>Source Files</Filter>
    </ClCompile>
    <ClCompile Include="Source.cpp">
      <Filter>Source Files</Filter>
    </ClCompile>
  </ItemGroup>
  <ItemGroup>
    <ClInclude Include="Activators.h">
      <Filter>Source Files\Activators</Filter>
    </ClInclude>
    <ClInclude Include="types.h">
      <Filter>Header Files</Filter>
    </ClInclude>
    <ClInclude Include="hebbs.h">
      <Filter>Source Files\Hebb%27s rule</Filter>
    </ClInclude>
    <ClInclude Include="Perceptron.h">
      <Filter>Source Files\perceptron</Filter>
    </ClInclude>
    <ClInclude Include="activators_mat.h">
      <Filter>Source Files\Activators</Filter>
    </ClInclude>
    <ClInclude Include="Auto_associator.h">
      <Filter>Source Files\Associative Network</Filter>
    </ClInclude>
    <ClInclude Include="Adapters\Adapter.h">
      <Filter>Header Files</Filter>
    </ClInclude>
    <ClInclude Include="Adapters\Matf_.h">
      <Filter>Header Files</Filter>
    </ClInclude>
  </ItemGroup>
</Project>